
Microsoft Visual Studio Solution File, Format Version 12.00
# Visual Studio Version 16
VisualStudioVersion = 16.0.810.19
MinimumVisualStudioVersion = 10.0.40219.1
Project("{FAE04EC0-301F-11D3-BF4B-00C04F79EFBC}") = "projet.Android", "projet.Android\projet.Android.csproj", "{AB960FDB-9920-43A5-8E43-32A096C490E4}"
EndProject
Project("{FAE04EC0-301F-11D3-BF4B-00C04F79EFBC}") = "projet.iOS", "projet.iOS\projet.iOS.csproj", "{580C8265-DBCB-486A-B8CA-0E81234D3641}"
EndProject
Project("{FAE04EC0-301F-11D3-BF4B-00C04F79EFBC}") = "projet", "projet\projet.csproj", "{3DC2BDAF-879D-4EF4-8039-C4C04C2C2BB8}"
EndProject
Global
	GlobalSection(SolutionConfigurationPlatforms) = preSolution
		Debug|Any CPU = Debug|Any CPU
		Release|Any CPU = Release|Any CPU
		Debug|iPhoneSimulator = Debug|iPhoneSimulator
		Release|iPhoneSimulator = Release|iPhoneSimulator
		Debug|iPhone = Debug|iPhone
		Release|iPhone = Release|iPhone
	EndGlobalSection
	GlobalSection(ProjectConfigurationPlatforms) = postSolution
		{AB960FDB-9920-43A5-8E43-32A096C490E4}.Debug|Any CPU.ActiveCfg = Debug|Any CPU
		{AB960FDB-9920-43A5-8E43-32A096C490E4}.Debug|Any CPU.Build.0 = Debug|Any CPU
		{AB960FDB-9920-43A5-8E43-32A096C490E4}.Release|Any CPU.ActiveCfg = Release|Any CPU
		{AB960FDB-9920-43A5-8E43-32A096C490E4}.Release|Any CPU.Build.0 = Release|Any CPU
		{AB960FDB-9920-43A5-8E43-32A096C490E4}.Debug|iPhoneSimulator.ActiveCfg = Debug|Any CPU
		{AB960FDB-9920-43A5-8E43-32A096C490E4}.Debug|iPhoneSimulator.Build.0 = Debug|Any CPU
		{AB960FDB-9920-43A5-8E43-32A096C490E4}.Release|iPhoneSimulator.ActiveCfg = Release|Any CPU
		{AB960FDB-9920-43A5-8E43-32A096C490E4}.Release|iPhoneSimulator.Build.0 = Release|Any CPU
		{AB960FDB-9920-43A5-8E43-32A096C490E4}.Debug|iPhone.ActiveCfg = Debug|Any CPU
		{AB960FDB-9920-43A5-8E43-32A096C490E4}.Debug|iPhone.Build.0 = Debug|Any CPU
		{AB960FDB-9920-43A5-8E43-32A096C490E4}.Release|iPhone.ActiveCfg = Release|Any CPU
		{AB960FDB-9920-43A5-8E43-32A096C490E4}.Release|iPhone.Build.0 = Release|Any CPU
		{580C8265-DBCB-486A-B8CA-0E81234D3641}.Debug|Any CPU.ActiveCfg = Debug|iPhoneSimulator
		{580C8265-DBCB-486A-B8CA-0E81234D3641}.Debug|Any CPU.Build.0 = Debug|iPhoneSimulator
		{580C8265-DBCB-486A-B8CA-0E81234D3641}.Release|Any CPU.ActiveCfg = Release|iPhoneSimulator
		{580C8265-DBCB-486A-B8CA-0E81234D3641}.Release|Any CPU.Build.0 = Release|iPhoneSimulator
		{580C8265-DBCB-486A-B8CA-0E81234D3641}.Debug|iPhoneSimulator.ActiveCfg = Debug|iPhoneSimulator
		{580C8265-DBCB-486A-B8CA-0E81234D3641}.Debug|iPhoneSimulator.Build.0 = Debug|iPhoneSimulator
		{580C8265-DBCB-486A-B8CA-0E81234D3641}.Release|iPhoneSimulator.ActiveCfg = Release|iPhoneSimulator
		{580C8265-DBCB-486A-B8CA-0E81234D3641}.Release|iPhoneSimulator.Build.0 = Release|iPhoneSimulator
		{580C8265-DBCB-486A-B8CA-0E81234D3641}.Debug|iPhone.ActiveCfg = Debug|iPhone
		{580C8265-DBCB-486A-B8CA-0E81234D3641}.Debug|iPhone.Build.0 = Debug|iPhone
		{580C8265-DBCB-486A-B8CA-0E81234D3641}.Release|iPhone.ActiveCfg = Release|iPhone
		{580C8265-DBCB-486A-B8CA-0E81234D3641}.Release|iPhone.Build.0 = Release|iPhone
		{3DC2BDAF-879D-4EF4-8039-C4C04C2C2BB8}.Debug|Any CPU.ActiveCfg = Debug|Any CPU
		{3DC2BDAF-879D-4EF4-8039-C4C04C2C2BB8}.Debug|Any CPU.Build.0 = Debug|Any CPU
		{3DC2BDAF-879D-4EF4-8039-C4C04C2C2BB8}.Release|Any CPU.ActiveCfg = Release|Any CPU
		{3DC2BDAF-879D-4EF4-8039-C4C04C2C2BB8}.Release|Any CPU.Build.0 = Release|Any CPU
		{3DC2BDAF-879D-4EF4-8039-C4C04C2C2BB8}.Debug|iPhoneSimulator.ActiveCfg = Debug|Any CPU
		{3DC2BDAF-879D-4EF4-8039-C4C04C2C2BB8}.Debug|iPhoneSimulator.Build.0 = Debug|Any CPU
		{3DC2BDAF-879D-4EF4-8039-C4C04C2C2BB8}.Release|iPhoneSimulator.ActiveCfg = Release|Any CPU
		{3DC2BDAF-879D-4EF4-8039-C4C04C2C2BB8}.Release|iPhoneSimulator.Build.0 = Release|Any CPU
		{3DC2BDAF-879D-4EF4-8039-C4C04C2C2BB8}.Debug|iPhone.ActiveCfg = Debug|Any CPU
		{3DC2BDAF-879D-4EF4-8039-C4C04C2C2BB8}.Debug|iPhone.Build.0 = Debug|Any CPU
		{3DC2BDAF-879D-4EF4-8039-C4C04C2C2BB8}.Release|iPhone.ActiveCfg = Release|Any CPU
		{3DC2BDAF-879D-4EF4-8039-C4C04C2C2BB8}.Release|iPhone.Build.0 = Release|Any CPU
	EndGlobalSection
	GlobalSection(SolutionProperties) = preSolution
		HideSolutionNode = FALSE
	EndGlobalSection
	GlobalSection(ExtensibilityGlobals) = postSolution
		SolutionGuid = {57484707-7362-4BD8-A162-801EB384FD58}
	EndGlobalSection
EndGlobal
